
Microsoft Visual Studio Solution File, Format Version 12.00
# Visual Studio 14
VisualStudioVersion = 14.0.23107.0
MinimumVisualStudioVersion = 10.0.40219.1
Project("{FAE04EC0-301F-11D3-BF4B-00C04F79EFBC}") = "ModelsToTheRescue.Tests", "ModelsToTheRescue.Tests\ModelsToTheRescue.Tests.csproj", "{477675E9-6DC0-4EFD-B099-A44E783294A3}"
EndProject
Project("{FAE04EC0-301F-11D3-BF4B-00C04F79EFBC}") = "ModelsToTheRescue", "ModelsToTheRescue\ModelsToTheRescue.csproj", "{7D0B4371-5D61-4CED-8781-B62218E09D9D}"
EndProject
Global
	GlobalSection(SolutionConfigurationPlatforms) = preSolution
		Debug|Any CPU = Debug|Any CPU
		Release|Any CPU = Release|Any CPU
	EndGlobalSection
	GlobalSection(ProjectConfigurationPlatforms) = postSolution
		{477675E9-6DC0-4EFD-B099-A44E783294A3}.Debug|Any CPU.ActiveCfg = Debug|Any CPU
		{477675E9-6DC0-4EFD-B099-A44E783294A3}.Debug|Any CPU.Build.0 = Debug|Any CPU
		{477675E9-6DC0-4EFD-B099-A44E783294A3}.Release|Any CPU.ActiveCfg = Release|Any CPU
		{477675E9-6DC0-4EFD-B099-A44E783294A3}.Release|Any CPU.Build.0 = Release|Any CPU
		{7D0B4371-5D61-4CED-8781-B62218E09D9D}.Debug|Any CPU.ActiveCfg = Debug|Any CPU
		{7D0B4371-5D61-4CED-8781-B62218E09D9D}.Debug|Any CPU.Build.0 = Debug|Any CPU
		{7D0B4371-5D61-4CED-8781-B62218E09D9D}.Release|Any CPU.ActiveCfg = Release|Any CPU
		{7D0B4371-5D61-4CED-8781-B62218E09D9D}.Release|Any CPU.Build.0 = Release|Any CPU
	EndGlobalSection
	GlobalSection(SolutionProperties) = preSolution
		HideSolutionNode = FALSE
	EndGlobalSection
EndGlobal
