
Microsoft Visual Studio Solution File, Format Version 12.00
# Visual Studio 14
VisualStudioVersion = 14.0.23107.0
MinimumVisualStudioVersion = 10.0.40219.1
Project("{FAE04EC0-301F-11D3-BF4B-00C04F79EFBC}") = "SOLID.Refactored", "SOLID.Refactored\SOLID.Refactored.csproj", "{81A8C163-B308-40AC-A950-FB5DAC4D9EA8}"
EndProject
Project("{FAE04EC0-301F-11D3-BF4B-00C04F79EFBC}") = "SOLID.SRP", "SOLID.SRP\SOLID.SRP.csproj", "{F542B018-A5E0-4348-B03F-14B46827DEE9}"
EndProject
Project("{FAE04EC0-301F-11D3-BF4B-00C04F79EFBC}") = "SOLID.OCP", "SOLID.OCP\SOLID.OCP.csproj", "{BBE729ED-1D47-4186-B6BF-28E1C84ED132}"
EndProject
Project("{FAE04EC0-301F-11D3-BF4B-00C04F79EFBC}") = "SOLID.LSP", "SOLID.LSP\SOLID.LSP.csproj", "{AE623806-FED5-48A1-8376-177E9B1BACB7}"
EndProject
Project("{FAE04EC0-301F-11D3-BF4B-00C04F79EFBC}") = "SOLID.ISP", "SOLID.ISP\SOLID.ISP.csproj", "{16C6DE1D-735F-4B40-AEBC-D519BD729078}"
EndProject
Project("{FAE04EC0-301F-11D3-BF4B-00C04F79EFBC}") = "SOLID.DIP", "SOLID.DIP\SOLID.DIP.csproj", "{5597A90B-9B63-47CD-8690-4A7070F71BDE}"
EndProject
Project("{2150E333-8FDC-42A3-9474-1A3956D46DE8}") = "1.SRP", "1.SRP", "{F1466DB8-B3E1-477B-A750-7EB57DE3357B}"
EndProject
Project("{2150E333-8FDC-42A3-9474-1A3956D46DE8}") = "2.OCP", "2.OCP", "{314B0ACA-6CE4-48BB-BEDA-94576B0EEDF6}"
EndProject
Project("{2150E333-8FDC-42A3-9474-1A3956D46DE8}") = "3.LSP", "3.LSP", "{E8EB3334-4E85-4539-ACA6-264410E75B6F}"
EndProject
Project("{2150E333-8FDC-42A3-9474-1A3956D46DE8}") = "4.ISP", "4.ISP", "{C0B2B22A-25FC-4BEC-993B-EDC6C3AB6001}"
EndProject
Project("{2150E333-8FDC-42A3-9474-1A3956D46DE8}") = "5.DIP", "5.DIP", "{57211B3C-6572-45F5-BA1C-29ED51F9251F}"
EndProject
Project("{FAE04EC0-301F-11D3-BF4B-00C04F79EFBC}") = "SOLID", "SOLID\SOLID.csproj", "{E07FA551-638F-4226-85F2-3D63AE3255D8}"
EndProject
Global
	GlobalSection(SolutionConfigurationPlatforms) = preSolution
		Debug|Any CPU = Debug|Any CPU
		Release|Any CPU = Release|Any CPU
	EndGlobalSection
	GlobalSection(ProjectConfigurationPlatforms) = postSolution
		{81A8C163-B308-40AC-A950-FB5DAC4D9EA8}.Debug|Any CPU.ActiveCfg = Debug|Any CPU
		{81A8C163-B308-40AC-A950-FB5DAC4D9EA8}.Debug|Any CPU.Build.0 = Debug|Any CPU
		{81A8C163-B308-40AC-A950-FB5DAC4D9EA8}.Release|Any CPU.ActiveCfg = Release|Any CPU
		{81A8C163-B308-40AC-A950-FB5DAC4D9EA8}.Release|Any CPU.Build.0 = Release|Any CPU
		{F542B018-A5E0-4348-B03F-14B46827DEE9}.Debug|Any CPU.ActiveCfg = Debug|Any CPU
		{F542B018-A5E0-4348-B03F-14B46827DEE9}.Debug|Any CPU.Build.0 = Debug|Any CPU
		{F542B018-A5E0-4348-B03F-14B46827DEE9}.Release|Any CPU.ActiveCfg = Release|Any CPU
		{F542B018-A5E0-4348-B03F-14B46827DEE9}.Release|Any CPU.Build.0 = Release|Any CPU
		{BBE729ED-1D47-4186-B6BF-28E1C84ED132}.Debug|Any CPU.ActiveCfg = Debug|Any CPU
		{BBE729ED-1D47-4186-B6BF-28E1C84ED132}.Debug|Any CPU.Build.0 = Debug|Any CPU
		{BBE729ED-1D47-4186-B6BF-28E1C84ED132}.Release|Any CPU.ActiveCfg = Release|Any CPU
		{BBE729ED-1D47-4186-B6BF-28E1C84ED132}.Release|Any CPU.Build.0 = Release|Any CPU
		{AE623806-FED5-48A1-8376-177E9B1BACB7}.Debug|Any CPU.ActiveCfg = Debug|Any CPU
		{AE623806-FED5-48A1-8376-177E9B1BACB7}.Debug|Any CPU.Build.0 = Debug|Any CPU
		{AE623806-FED5-48A1-8376-177E9B1BACB7}.Release|Any CPU.ActiveCfg = Release|Any CPU
		{AE623806-FED5-48A1-8376-177E9B1BACB7}.Release|Any CPU.Build.0 = Release|Any CPU
		{16C6DE1D-735F-4B40-AEBC-D519BD729078}.Debug|Any CPU.ActiveCfg = Debug|Any CPU
		{16C6DE1D-735F-4B40-AEBC-D519BD729078}.Debug|Any CPU.Build.0 = Debug|Any CPU
		{16C6DE1D-735F-4B40-AEBC-D519BD729078}.Release|Any CPU.ActiveCfg = Release|Any CPU
		{16C6DE1D-735F-4B40-AEBC-D519BD729078}.Release|Any CPU.Build.0 = Release|Any CPU
		{5597A90B-9B63-47CD-8690-4A7070F71BDE}.Debug|Any CPU.ActiveCfg = Debug|Any CPU
		{5597A90B-9B63-47CD-8690-4A7070F71BDE}.Debug|Any CPU.Build.0 = Debug|Any CPU
		{5597A90B-9B63-47CD-8690-4A7070F71BDE}.Release|Any CPU.ActiveCfg = Release|Any CPU
		{5597A90B-9B63-47CD-8690-4A7070F71BDE}.Release|Any CPU.Build.0 = Release|Any CPU
		{E07FA551-638F-4226-85F2-3D63AE3255D8}.Debug|Any CPU.ActiveCfg = Debug|Any CPU
		{E07FA551-638F-4226-85F2-3D63AE3255D8}.Debug|Any CPU.Build.0 = Debug|Any CPU
		{E07FA551-638F-4226-85F2-3D63AE3255D8}.Release|Any CPU.ActiveCfg = Release|Any CPU
		{E07FA551-638F-4226-85F2-3D63AE3255D8}.Release|Any CPU.Build.0 = Release|Any CPU
	EndGlobalSection
	GlobalSection(SolutionProperties) = preSolution
		HideSolutionNode = FALSE
	EndGlobalSection
	GlobalSection(NestedProjects) = preSolution
		{F542B018-A5E0-4348-B03F-14B46827DEE9} = {F1466DB8-B3E1-477B-A750-7EB57DE3357B}
		{BBE729ED-1D47-4186-B6BF-28E1C84ED132} = {314B0ACA-6CE4-48BB-BEDA-94576B0EEDF6}
		{AE623806-FED5-48A1-8376-177E9B1BACB7} = {E8EB3334-4E85-4539-ACA6-264410E75B6F}
		{16C6DE1D-735F-4B40-AEBC-D519BD729078} = {C0B2B22A-25FC-4BEC-993B-EDC6C3AB6001}
		{5597A90B-9B63-47CD-8690-4A7070F71BDE} = {57211B3C-6572-45F5-BA1C-29ED51F9251F}
	EndGlobalSection
EndGlobal
